<?xml version="1.0" encoding="utf-8"?>
<Project ToolsVersion="4.0" xmlns="http://schemas.microsoft.com/developer/msbuild/2003">
  <ItemGroup>
    <Filter Include="源文件">
      <UniqueIdentifier>{4FC737F1-C7A5-4376-A066-2A32D752A2FF}</UniqueIdentifier>
      <Extensions>cpp;c;cc;cxx;def;odl;idl;hpj;bat;asm;asmx</Extensions>
    </Filter>
    <Filter Include="头文件">
      <UniqueIdentifier>{93995380-89BD-4b04-88EB-625FBE52EBFB}</UniqueIdentifier>
      <Extensions>h;hh;hpp;hxx;hm;inl;inc;xsd</Extensions>
    </Filter>
    <Filter Include="资源文件">
      <UniqueIdentifier>{67DA6AB6-F800-4c08-8B7A-83BB121AAD01}</UniqueIdentifier>
      <Extensions>rc;ico;cur;bmp;dlg;rc2;rct;bin;rgs;gif;jpg;jpeg;jpe;resx;tiff;tif;png;wav;mfcribbon-ms</Extensions>
    </Filter>
    <Filter Include="头文件\openssl">
      <UniqueIdentifier>{e534df9c-52f1-427f-bd10-fdc548bb4c90}</UniqueIdentifier>
    </Filter>
  </ItemGroup>
  <ItemGroup>
    <Text Include="ReadMe.txt" />
  </ItemGroup>
  <ItemGroup>
    <ClInclude Include="mqtt_client.h">
      <Filter>头文件</Filter>
    </ClInclude>
    <ClInclude Include="mqtt_clientDlg.h">
      <Filter>头文件</Filter>
    </ClInclude>
    <ClInclude Include="stdafx.h">
      <Filter>头文件</Filter>
    </ClInclude>
    <ClInclude Include="targetver.h">
      <Filter>头文件</Filter>
    </ClInclude>
    <ClInclude Include="Resource.h">
      <Filter>头文件</Filter>
    </ClInclude>
    <ClInclude Include="libemqtt.h">
      <Filter>头文件</Filter>
    </ClInclude>
    <ClInclude Include="Dialg_Def.h">
      <Filter>头文件</Filter>
    </ClInclude>
    <ClInclude Include="deflate.h">
      <Filter>头文件</Filter>
    </ClInclude>
    <ClInclude Include="zconf.h">
      <Filter>头文件</Filter>
    </ClInclude>
    <ClInclude Include="zlib.h">
      <Filter>头文件</Filter>
    </ClInclude>
    <ClInclude Include="zutil.h">
      <Filter>头文件</Filter>
    </ClInclude>
    <ClInclude Include="openssl\aes.h">
      <Filter>头文件\openssl</Filter>
    </ClInclude>
    <ClInclude Include="openssl\asn1.h">
      <Filter>头文件\openssl</Filter>
    </ClInclude>
    <ClInclude Include="openssl\asn1_mac.h">
      <Filter>头文件\openssl</Filter>
    </ClInclude>
    <ClInclude Include="openssl\asn1t.h">
      <Filter>头文件\openssl</Filter>
    </ClInclude>
    <ClInclude Include="openssl\bio.h">
      <Filter>头文件\openssl</Filter>
    </ClInclude>
    <ClInclude Include="openssl\blowfish.h">
      <Filter>头文件\openssl</Filter>
    </ClInclude>
    <ClInclude Include="openssl\bn.h">
      <Filter>头文件\openssl</Filter>
    </ClInclude>
    <ClInclude Include="openssl\buffer.h">
      <Filter>头文件\openssl</Filter>
    </ClInclude>
    <ClInclude Include="openssl\camellia.h">
      <Filter>头文件\openssl</Filter>
    </ClInclude>
    <ClInclude Include="openssl\cast.h">
      <Filter>头文件\openssl</Filter>
    </ClInclude>
    <ClInclude Include="openssl\cmac.h">
      <Filter>头文件\openssl</Filter>
    </ClInclude>
    <ClInclude Include="openssl\cms.h">
      <Filter>头文件\openssl</Filter>
    </ClInclude>
    <ClInclude Include="openssl\comp.h">
      <Filter>头文件\openssl</Filter>
    </ClInclude>
    <ClInclude Include="openssl\conf.h">
      <Filter>头文件\openssl</Filter>
    </ClInclude>
    <ClInclude Include="openssl\conf_api.h">
      <Filter>头文件\openssl</Filter>
    </ClInclude>
    <ClInclude Include="openssl\crypto.h">
      <Filter>头文件\openssl</Filter>
    </ClInclude>
    <ClInclude Include="openssl\des.h">
      <Filter>头文件\openssl</Filter>
    </ClInclude>
    <ClInclude Include="openssl\des_old.h">
      <Filter>头文件\openssl</Filter>
    </ClInclude>
    <ClInclude Include="openssl\dh.h">
      <Filter>头文件\openssl</Filter>
    </ClInclude>
    <ClInclude Include="openssl\dsa.h">
      <Filter>头文件\openssl</Filter>
    </ClInclude>
    <ClInclude Include="openssl\dso.h">
      <Filter>头文件\openssl</Filter>
    </ClInclude>
    <ClInclude Include="openssl\dtls1.h">
      <Filter>头文件\openssl</Filter>
    </ClInclude>
    <ClInclude Include="openssl\e_os2.h">
      <Filter>头文件\openssl</Filter>
    </ClInclude>
    <ClInclude Include="openssl\ebcdic.h">
      <Filter>头文件\openssl</Filter>
    </ClInclude>
    <ClInclude Include="openssl\ec.h">
      <Filter>头文件\openssl</Filter>
    </ClInclude>
    <ClInclude Include="openssl\ecdh.h">
      <Filter>头文件\openssl</Filter>
    </ClInclude>
    <ClInclude Include="openssl\ecdsa.h">
      <Filter>头文件\openssl</Filter>
    </ClInclude>
    <ClInclude Include="openssl\engine.h">
      <Filter>头文件\openssl</Filter>
    </ClInclude>
    <ClInclude Include="openssl\err.h">
      <Filter>头文件\openssl</Filter>
    </ClInclude>
    <ClInclude Include="openssl\evp.h">
      <Filter>头文件\openssl</Filter>
    </ClInclude>
    <ClInclude Include="openssl\hmac.h">
      <Filter>头文件\openssl</Filter>
    </ClInclude>
    <ClInclude Include="openssl\idea.h">
      <Filter>头文件\openssl</Filter>
    </ClInclude>
    <ClInclude Include="openssl\krb5_asn.h">
      <Filter>头文件\openssl</Filter>
    </ClInclude>
    <ClInclude Include="openssl\kssl.h">
      <Filter>头文件\openssl</Filter>
    </ClInclude>
    <ClInclude Include="openssl\lhash.h">
      <Filter>头文件\openssl</Filter>
    </ClInclude>
    <ClInclude Include="openssl\md4.h">
      <Filter>头文件\openssl</Filter>
    </ClInclude>
    <ClInclude Include="openssl\md5.h">
      <Filter>头文件\openssl</Filter>
    </ClInclude>
    <ClInclude Include="openssl\mdc2.h">
      <Filter>头文件\openssl</Filter>
    </ClInclude>
    <ClInclude Include="openssl\modes.h">
      <Filter>头文件\openssl</Filter>
    </ClInclude>
    <ClInclude Include="openssl\obj_mac.h">
      <Filter>头文件\openssl</Filter>
    </ClInclude>
    <ClInclude Include="openssl\objects.h">
      <Filter>头文件\openssl</Filter>
    </ClInclude>
    <ClInclude Include="openssl\ocsp.h">
      <Filter>头文件\openssl</Filter>
    </ClInclude>
    <ClInclude Include="openssl\opensslconf.h">
      <Filter>头文件\openssl</Filter>
    </ClInclude>
    <ClInclude Include="openssl\opensslv.h">
      <Filter>头文件\openssl</Filter>
    </ClInclude>
    <ClInclude Include="openssl\ossl_typ.h">
      <Filter>头文件\openssl</Filter>
    </ClInclude>
    <ClInclude Include="openssl\pem.h">
      <Filter>头文件\openssl</Filter>
    </ClInclude>
    <ClInclude Include="openssl\pem2.h">
      <Filter>头文件\openssl</Filter>
    </ClInclude>
    <ClInclude Include="openssl\pkcs7.h">
      <Filter>头文件\openssl</Filter>
    </ClInclude>
    <ClInclude Include="openssl\pkcs12.h">
      <Filter>头文件\openssl</Filter>
    </ClInclude>
    <ClInclude Include="openssl\pqueue.h">
      <Filter>头文件\openssl</Filter>
    </ClInclude>
    <ClInclude Include="openssl\rand.h">
      <Filter>头文件\openssl</Filter>
    </ClInclude>
    <ClInclude Include="openssl\rc2.h">
      <Filter>头文件\openssl</Filter>
    </ClInclude>
    <ClInclude Include="openssl\rc4.h">
      <Filter>头文件\openssl</Filter>
    </ClInclude>
    <ClInclude Include="openssl\ripemd.h">
      <Filter>头文件\openssl</Filter>
    </ClInclude>
    <ClInclude Include="openssl\rsa.h">
      <Filter>头文件\openssl</Filter>
    </ClInclude>
    <ClInclude Include="openssl\safestack.h">
      <Filter>头文件\openssl</Filter>
    </ClInclude>
    <ClInclude Include="openssl\seed.h">
      <Filter>头文件\openssl</Filter>
    </ClInclude>
    <ClInclude Include="openssl\sha.h">
      <Filter>头文件\openssl</Filter>
    </ClInclude>
    <ClInclude Include="openssl\srp.h">
      <Filter>头文件\openssl</Filter>
    </ClInclude>
    <ClInclude Include="openssl\srtp.h">
      <Filter>头文件\openssl</Filter>
    </ClInclude>
    <ClInclude Include="openssl\ssl.h">
      <Filter>头文件\openssl</Filter>
    </ClInclude>
    <ClInclude Include="openssl\ssl2.h">
      <Filter>头文件\openssl</Filter>
    </ClInclude>
    <ClInclude Include="openssl\ssl3.h">
      <Filter>头文件\openssl</Filter>
    </ClInclude>
    <ClInclude Include="openssl\ssl23.h">
      <Filter>头文件\openssl</Filter>
    </ClInclude>
    <ClInclude Include="openssl\stack.h">
      <Filter>头文件\openssl</Filter>
    </ClInclude>
    <ClInclude Include="openssl\symhacks.h">
      <Filter>头文件\openssl</Filter>
    </ClInclude>
    <ClInclude Include="openssl\tls1.h">
      <Filter>头文件\openssl</Filter>
    </ClInclude>
    <ClInclude Include="openssl\ts.h">
      <Filter>头文件\openssl</Filter>
    </ClInclude>
    <ClInclude Include="openssl\txt_db.h">
      <Filter>头文件\openssl</Filter>
    </ClInclude>
    <ClInclude Include="openssl\ui.h">
      <Filter>头文件\openssl</Filter>
    </ClInclude>
    <ClInclude Include="openssl\ui_compat.h">
      <Filter>头文件\openssl</Filter>
    </ClInclude>
    <ClInclude Include="openssl\whrlpool.h">
      <Filter>头文件\openssl</Filter>
    </ClInclude>
    <ClInclude Include="openssl\x509.h">
      <Filter>头文件\openssl</Filter>
    </ClInclude>
    <ClInclude Include="openssl\x509_vfy.h">
      <Filter>头文件\openssl</Filter>
    </ClInclude>
    <ClInclude Include="openssl\x509v3.h">
      <Filter>头文件\openssl</Filter>
    </ClInclude>
  </ItemGroup>
  <ItemGroup>
    <ClCompile Include="mqtt_client.cpp">
      <Filter>源文件</Filter>
    </ClCompile>
    <ClCompile Include="mqtt_clientDlg.cpp">
      <Filter>源文件</Filter>
    </ClCompile>
    <ClCompile Include="stdafx.cpp">
      <Filter>源文件</Filter>
    </ClCompile>
    <ClCompile Include="libemqtt.cpp">
      <Filter>源文件</Filter>
    </ClCompile>
    <ClCompile Include="Dialg_Def.cpp">
      <Filter>源文件</Filter>
    </ClCompile>
    <ClCompile Include="deflate.cpp">
      <Filter>源文件</Filter>
    </ClCompile>
  </ItemGroup>
  <ItemGroup>
    <ResourceCompile Include="mqtt_client.rc">
      <Filter>资源文件</Filter>
    </ResourceCompile>
  </ItemGroup>
  <ItemGroup>
    <None Include="res\mqtt_client.rc2">
      <Filter>资源文件</Filter>
    </None>
  </ItemGroup>
  <ItemGroup>
    <Image Include="res\mqtt_client.ico">
      <Filter>资源文件</Filter>
    </Image>
  </ItemGroup>
</Project>